// !$*UTF8*$!
{
	archiveVersion = 1;
	classes = {
	};
	objectVersion = 50;
	objects = {

/* Begin PBXBuildFile section */
		2B0AFB50211AE7570053C7BC /* AppDelegate.swift in Sources */ = {isa = PBXBuildFile; fileRef = 2B0AFB4F211AE7570053C7BC /* AppDelegate.swift */; };
		2B0AFB52211AE7570053C7BC /* ViewController.swift in Sources */ = {isa = PBXBuildFile; fileRef = 2B0AFB51211AE7570053C7BC /* ViewController.swift */; };
		2B0AFB55211AE7570053C7BC /* Main.storyboard in Resources */ = {isa = PBXBuildFile; fileRef = 2B0AFB53211AE7570053C7BC /* Main.storyboard */; };
		2B0AFB57211AE7580053C7BC /* Assets.xcassets in Resources */ = {isa = PBXBuildFile; fileRef = 2B0AFB56211AE7580053C7BC /* Assets.xcassets */; };
		2B0AFB5A211AE7580053C7BC /* LaunchScreen.storyboard in Resources */ = {isa = PBXBuildFile; fileRef = 2B0AFB58211AE7580053C7BC /* LaunchScreen.storyboard */; };
/* End PBXBuildFile section */

/* Begin PBXFileReference section */
		2B0AFB4C211AE7570053C7BC /* SampleiOSforCI.app */ = {isa = PBXFileReference; explicitFileType = wrapper.application; includeInIndex = 0; path = SampleiOSforCI.app; sourceTree = BUILT_PRODUCTS_DIR; };
		2B0AFB4F211AE7570053C7BC /* AppDelegate.swift */ = {isa = PBXFileReference; lastKnownFileType = sourcecode.swift; path = AppDelegate.swift; sourceTree = "<group>"; };
		2B0AFB51211AE7570053C7BC /* ViewController.swift */ = {isa = PBXFileReference; lastKnownFileType = sourcecode.swift; path = ViewController.swift; sourceTree = "<group>"; };
		2B0AFB54211AE7570053C7BC /* Base */ = {isa = PBXFileReference; lastKnownFileType = file.storyboard; name = Base; path = Base.lproj/Main.storyboard; sourceTree = "<group>"; };
		2B0AFB56211AE7580053C7BC /* Assets.xcassets */ = {isa = PBXFileReference; lastKnownFileType = folder.assetcatalog; path = Assets.xcassets; sourceTree = "<group>"; };
		2B0AFB59211AE7580053C7BC /* Base */ = {isa = PBXFileReference; lastKnownFileType = file.storyboard; name = Base; path = Base.lproj/LaunchScreen.storyboard; sourceTree = "<group>"; };
		2B0AFB5B211AE7580053C7BC /* Info.plist */ = {isa = PBXFileReference; lastKnownFileType = text.plist.xml; path = Info.plist; sourceTree = "<group>"; };
/* End PBXFileReference section */

/* Begin PBXFrameworksBuildPhase section */
		2B0AFB49211AE7570053C7BC /* Frameworks */ = {
			isa = PBXFrameworksBuildPhase;
			buildActionMask = 2147483647;
			files = (
			);
			runOnlyForDeploymentPostprocessing = 0;
		};
/* End PBXFrameworksBuildPhase section */

/* Begin PBXGroup section */
		2B0AFB43211AE7570053C7BC = {
			isa = PBXGroup;
			children = (
				2B0AFB4E211AE7570053C7BC /* SampleiOSforCI */,
				2B0AFB4D211AE7570053C7BC /* Products */,
			);
			sourceTree = "<group>";
		};
		2B0AFB4D211AE7570053C7BC /* Products */ = {
			isa = PBXGroup;
			children = (
				2B0AFB4C211AE7570053C7BC /* SampleiOSforCI.app */,
			);
			name = Products;
			sourceTree = "<group>";
		};
		2B0AFB4E211AE7570053C7BC /* SampleiOSforCI */ = {
			isa = PBXGroup;
			children = (
				2B0AFB4F211AE7570053C7BC /* AppDelegate.swift */,
				2B0AFB51211AE7570053C7BC /* ViewController.swift */,
				2B0AFB53211AE7570053C7BC /* Main.storyboard */,
				2B0AFB56211AE7580053C7BC /* Assets.xcassets */,
				2B0AFB58211AE7580053C7BC /* LaunchScreen.storyboard */,
				2B0AFB5B211AE7580053C7BC /* Info.plist */,
			);
			path = SampleiOSforCI;
			sourceTree = "<group>";
		};
/* End PBXGroup section */

/* Begin PBXNativeTarget section */
		2B0AFB4B211AE7570053C7BC /* SampleiOSforCI */ = {
			isa = PBXNativeTarget;
			buildConfigurationList = 2B0AFB5E211AE7580053C7BC /* Build configuration list for PBXNativeTarget "SampleiOSforCI" */;
			buildPhases = (
				2B0AFB48211AE7570053C7BC /* Sources */,
				2B0AFB49211AE7570053C7BC /* Frameworks */,
				2B0AFB4A211AE7570053C7BC /* Resources */,
			);
			buildRules = (
			);
			dependencies = (
			);
			name = SampleiOSforCI;
			productName = SampleiOSforCI;
			productReference = 2B0AFB4C211AE7570053C7BC /* SampleiOSforCI.app */;
			productType = "com.apple.product-type.application";
		};
/* End PBXNativeTarget section */

/* Begin PBXProject section */
		2B0AFB44211AE7570053C7BC /* Project object */ = {
			isa = PBXProject;
			attributes = {
				LastSwiftUpdateCheck = 0930;
				LastUpgradeCheck = 0930;
				ORGANIZATIONNAME = "Pankaj Rathor";
				TargetAttributes = {
					2B0AFB4B211AE7570053C7BC = {
						CreatedOnToolsVersion = 9.3;
					};
				};
			};
			buildConfigurationList = 2B0AFB47211AE7570053C7BC /* Build configuration list for PBXProject "SampleiOSforCI" */;
			compatibilityVersion = "Xcode 9.3";
			developmentRegion = en;
			hasScannedForEncodings = 0;
			knownRegions = (
				en,
				Base,
			);
			mainGroup = 2B0AFB43211AE7570053C7BC;
			productRefGroup = 2B0AFB4D211AE7570053C7BC /* Products */;
			projectDirPath = "";
			projectRoot = "";
			targets = (
				2B0AFB4B211AE7570053C7BC /* SampleiOSforCI */,
			);
		};
/* End PBXProject section */

/* Begin PBXResourcesBuildPhase section */
		2B0AFB4A211AE7570053C7BC /* Resources */ = {
			isa = PBXResourcesBuildPhase;
			buildActionMask = 2147483647;
			files = (
				2B0AFB5A211AE7580053C7BC /* LaunchScreen.storyboard in Resources */,
				2B0AFB57211AE7580053C7BC /* Assets.xcassets in Resources */,
				2B0AFB55211AE7570053C7BC /* Main.storyboard in Resources */,
			);
			runOnlyForDeploymentPostprocessing = 0;
		};
/* End PBXResourcesBuildPhase section */

/* Begin PBXSourcesBuildPhase section */
		2B0AFB48211AE7570053C7BC /* Sources */ = {
			isa = PBXSourcesBuildPhase;
			buildActionMask = 2147483647;
			files = (
				2B0AFB52211AE7570053C7BC /* ViewController.swift in Sources */,
				2B0AFB50211AE7570053C7BC /* AppDelegate.swift in Sources */,
			);
			runOnlyForDeploymentPostprocessing = 0;
		};
/* End PBXSourcesBuildPhase section */

/* Begin PBXVariantGroup section */
		2B0AFB53211AE7570053C7BC /* Main.storyboard */ = {
			isa = PBXVariantGroup;
			children = (
				2B0AFB54211AE7570053C7BC /* Base */,
			);
			name = Main.storyboard;
			sourceTree = "<group>";
		};
		2B0AFB58211AE7580053C7BC /* LaunchScreen.storyboard */ = {
			isa = PBXVariantGroup;
			children = (
				2B0AFB59211AE7580053C7BC /* Base */,
			);
			name = LaunchScreen.storyboard;
			sourceTree = "<group>";
		};
/* End PBXVariantGroup section */

/* Begin XCBuildConfiguration section */
		2B0AFB5C211AE7580053C7BC /* Debug */ = {
			isa = XCBuildConfiguration;
			buildSettings = {
				ALWAYS_SEARCH_USER_PATHS = NO;
				CLANG_ANALYZER_NONNULL = YES;
				CLANG_ANALYZER_NUMBER_OBJECT_CONVERSION = YES_AGGRESSIVE;
				CLANG_CXX_LANGUAGE_STANDARD = "gnu++14";
				CLANG_CXX_LIBRARY = "libc++";
				CLANG_ENABLE_MODULES = YES;
				CLANG_ENABLE_OBJC_ARC = YES;
				CLANG_ENABLE_OBJC_WEAK = YES;
				CLANG_WARN_BLOCK_CAPTURE_AUTORELEASING = YES;
				CLANG_WARN_BOOL_CONVERSION = YES;
				CLANG_WARN_COMMA = YES;
				CLANG_WARN_CONSTANT_CONVERSION = YES;
				CLANG_WARN_DEPRECATED_OBJC_IMPLEMENTATIONS = YES;
				CLANG_WARN_DIRECT_OBJC_ISA_USAGE = YES_ERROR;
				CLANG_WARN_DOCUMENTATION_COMMENTS = YES;
				CLANG_WARN_EMPTY_BODY = YES;
				CLANG_WARN_ENUM_CONVERSION = YES;
				CLANG_WARN_INFINITE_RECURSION = YES;
				CLANG_WARN_INT_CONVERSION = YES;
				CLANG_WARN_NON_LITERAL_NULL_CONVERSION = YES;
				CLANG_WARN_OBJC_IMPLICIT_RETAIN_SELF = YES;
				CLANG_WARN_OBJC_LITERAL_CONVERSION = YES;
				CLANG_WARN_OBJC_ROOT_CLASS = YES_ERROR;
				CLANG_WARN_RANGE_LOOP_ANALYSIS = YES;
				CLANG_WARN_STRICT_PROTOTYPES = YES;
				CLANG_WARN_SUSPICIOUS_MOVE = YES;
				CLANG_WARN_UNGUARDED_AVAILABILITY = YES_AGGRESSIVE;
				CLANG_WARN_UNREACHABLE_CODE = YES;
				CLANG_WARN__DUPLICATE_METHOD_MATCH = YES;
				CODE_SIGN_IDENTITY = "iPhone Developer";
				COPY_PHASE_STRIP = NO;
				DEBUG_INFORMATION_FORMAT = dwarf;
				ENABLE_STRICT_OBJC_MSGSEND = YES;
				ENABLE_TESTABILITY = YES;
				GCC_C_LANGUAGE_STANDARD = gnu11;
				GCC_DYNAMIC_NO_PIC = NO;
				GCC_NO_COMMON_BLOCKS = YES;
				GCC_OPTIMIZATION_LEVEL = 0;
				GCC_PREPROCESSOR_DEFINITIONS = (
					"DEBUG=1",
					"$(inherited)",
				);
				GCC_WARN_64_TO_32_BIT_CONVERSION = YES;
				GCC_WARN_ABOUT_RETURN_TYPE = YES_ERROR;
				GCC_WARN_UNDECLARED_SELECTOR = YES;
				GCC_WARN_UNINITIALIZED_AUTOS = YES_AGGRESSIVE;
				GCC_WARN_UNUSED_FUNCTION = YES;
				GCC_WARN_UNUSED_VARIABLE = YES;
				IPHONEOS_DEPLOYMENT_TARGET = 11.3;
				MTL_ENABLE_DEBUG_INFO = YES;
				ONLY_ACTIVE_ARCH = YES;
				SDKROOT = iphoneos;
				SWIFT_ACTIVE_COMPILATION_CONDITIONS = DEBUG;
				SWIFT_OPTIMIZATION_LEVEL = "-Onone";
			};
			name = Debug;
		};
		2B0AFB5D211AE7580053C7BC /* Release */ = {
			isa = XCBuildConfiguration;
			buildSettings = {
				ALWAYS_SEARCH_USER_PATHS = NO;
				CLANG_ANALYZER_NONNULL = YES;
				CLANG_ANALYZER_NUMBER_OBJECT_CONVERSION = YES_AGGRESSIVE;
				CLANG_CXX_LANGUAGE_STANDARD = "gnu++14";
				CLANG_CXX_LIBRARY = "libc++";
				CLANG_ENABLE_MODULES = YES;
				CLANG_ENABLE_OBJC_ARC = YES;
				CLANG_ENABLE_OBJC_WEAK = YES;
				CLANG_WARN_BLOCK_CAPTURE_AUTORELEASING = YES;
				CLANG_WARN_BOOL_CONVERSION = YES;
				CLANG_WARN_COMMA = YES;
				CLANG_WARN_CONSTANT_CONVERSION = YES;
				CLANG_WARN_DEPRECATED_OBJC_IMPLEMENTATIONS = YES;
				CLANG_WARN_DIRECT_OBJC_ISA_USAGE = YES_ERROR;
				CLANG_WARN_DOCUMENTATION_COMMENTS = YES;
				CLANG_WARN_EMPTY_BODY = YES;
				CLANG_WARN_ENUM_CONVERSION = YES;
				CLANG_WARN_INFINITE_RECURSION = YES;
				CLANG_WARN_INT_CONVERSION = YES;
				CLANG_WARN_NON_LITERAL_NULL_CONVERSION = YES;
				CLANG_WARN_OBJC_IMPLICIT_RETAIN_SELF = YES;
				CLANG_WARN_OBJC_LITERAL_CONVERSION = YES;
				CLANG_WARN_OBJC_ROOT_CLASS = YES_ERROR;
				CLANG_WARN_RANGE_LOOP_ANALYSIS = YES;
				CLANG_WARN_STRICT_PROTOTYPES = YES;
				CLANG_WARN_SUSPICIOUS_MOVE = YES;
				CLANG_WARN_UNGUARDED_AVAILABILITY = YES_AGGRESSIVE;
				CLANG_WARN_UNREACHABLE_CODE = YES;
				CLANG_WARN__DUPLICATE_METHOD_MATCH = YES;
				CODE_SIGN_IDENTITY = "iPhone Developer";
				COPY_PHASE_STRIP = NO;
				DEBUG_INFORMATION_FORMAT = "dwarf-with-dsym";
				ENABLE_NS_ASSERTIONS = NO;
				ENABLE_STRICT_OBJC_MSGSEND = YES;
				GCC_C_LANGUAGE_STANDARD = gnu11;
				GCC_NO_COMMON_BLOCKS = YES;
				GCC_WARN_64_TO_32_BIT_CONVERSION = YES;
				GCC_WARN_ABOUT_RETURN_TYPE = YES_ERROR;
				GCC_WARN_UNDECLARED_SELECTOR = YES;
				GCC_WARN_UNINITIALIZED_AUTOS = YES_AGGRESSIVE;
				GCC_WARN_UNUSED_FUNCTION = YES;
				GCC_WARN_UNUSED_VARIABLE = YES;
				IPHONEOS_DEPLOYMENT_TARGET = 11.3;
				MTL_ENABLE_DEBUG_INFO = NO;
				SDKROOT = iphoneos;
				SWIFT_COMPILATION_MODE = wholemodule;
				SWIFT_OPTIMIZATION_LEVEL = "-O";
				VALIDATE_PRODUCT = YES;
			};
			name = Release;
		};
		2B0AFB5F211AE7580053C7BC /* Debug */ = {
			isa = XCBuildConfiguration;
			buildSettings = {
				ASSETCATALOG_COMPILER_APPICON_NAME = AppIcon;
				CODE_SIGN_STYLE = Automatic;
				DEVELOPMENT_TEAM = SM5ANP3F3W;
				INFOPLIST_FILE = SampleiOSforCI/Info.plist;
				LD_RUNPATH_SEARCH_PATHS = (
					"$(inherited)",
					"@executable_path/Frameworks",
				);
				PRODUCT_BUNDLE_IDENTIFIER = com.capgemini.SampleiOSforCI;
				PRODUCT_NAME = "$(TARGET_NAME)";
				SWIFT_VERSION = 4.0;
				TARGETED_DEVICE_FAMILY = "1,2";
			};
			name = Debug;
		};
		2B0AFB60211AE7580053C7BC /* Release */ = {
			isa = XCBuildConfiguration;
			buildSettings = {
				ASSETCATALOG_COMPILER_APPICON_NAME = AppIcon;
				CODE_SIGN_STYLE = Automatic;
				DEVELOPMENT_TEAM = SM5ANP3F3W;
				INFOPLIST_FILE = SampleiOSforCI/Info.plist;
				LD_RUNPATH_SEARCH_PATHS = (
					"$(inherited)",
					"@executable_path/Frameworks",
				);
				PRODUCT_BUNDLE_IDENTIFIER = com.capgemini.SampleiOSforCI;
				PRODUCT_NAME = "$(TARGET_NAME)";
				SWIFT_VERSION = 4.0;
				TARGETED_DEVICE_FAMILY = "1,2";
			};
			name = Release;
		};
/* End XCBuildConfiguration section */

/* Begin XCConfigurationList section */
		2B0AFB47211AE7570053C7BC /* Build configuration list for PBXProject "SampleiOSforCI" */ = {
			isa = XCConfigurationList;
			buildConfigurations = (
				2B0AFB5C211AE7580053C7BC /* Debug */,
				2B0AFB5D211AE7580053C7BC /* Release */,
			);
			defaultConfigurationIsVisible = 0;
			defaultConfigurationName = Release;
		};
		2B0AFB5E211AE7580053C7BC /* Build configuration list for PBXNativeTarget "SampleiOSforCI" */ = {
			isa = XCConfigurationList;
			buildConfigurations = (
				2B0AFB5F211AE7580053C7BC /* Debug */,
				2B0AFB60211AE7580053C7BC /* Release */,
			);
			defaultConfigurationIsVisible = 0;
			defaultConfigurationName = Release;
		};
/* End XCConfigurationList section */
	};
	rootObject = 2B0AFB44211AE7570053C7BC /* Project object */;
}
